{
  "name": "waehrungsrechner",
  "version": "1.0.0",
  "lockfileVersion": 3,
  "requires": true,
  "packages": {
    "": {
      "name": "waehrungsrechner",
      "version": "1.0.0",
      "license": "MIT",
      "dependencies": {
        "onsenui": "^2.12.8"
      }
    },
    "node_modules/onsenui": {
      "version": "2.12.8",
      "resolved": "https://registry.npmjs.org/onsenui/-/onsenui-2.12.8.tgz",
      "integrity": "sha512-ju5c2nP/pW7ZIOALqG2yVmjlIa2S6Men2winRKB8E7qtMkjSpMcHD6aRLMZZ4bGRLIiubpT7psdXWLWOc/lEyA==",
      "license": "Apache-2.0",
      "engines": {
        "node": ">= 4.0.0"
      }
    }
  }
}
